
Microsoft Visual Studio Solution File, Format Version 12.00
# Visual Studio Version 17
VisualStudioVersion = 17.14.36203.30 d17.14
MinimumVisualStudioVersion = 10.0.40219.1
Project("{FAE04EC0-301F-11D3-BF4B-00C04F79EFBC}") = "GUI_Group4_E-Commerce", "Group4MVC\GUI_Group4_E-Commerce.csproj", "{00A034C3-C659-4A63-AC75-8B32EA4F7578}"
EndProject
Project("{FAE04EC0-301F-11D3-BF4B-00C04F79EFBC}") = "DAL_Group4_E-Commerce", "DAL_Group4_E-Commerce\DAL_Group4_E-Commerce.csproj", "{B8156D34-CDC9-44FF-A445-CC40681CBA33}"
EndProject
Project("{FAE04EC0-301F-11D3-BF4B-00C04F79EFBC}") = "BUS_Group4_E-Commerce", "BUS_Group4_E-Commerce\BUS_Group4_E-Commerce.csproj", "{FEE6D832-8472-4891-AF85-0D01B6BD064A}"
EndProject
Global
	GlobalSection(SolutionConfigurationPlatforms) = preSolution
		Debug|Any CPU = Debug|Any CPU
		Release|Any CPU = Release|Any CPU
	EndGlobalSection
	GlobalSection(ProjectConfigurationPlatforms) = postSolution
		{00A034C3-C659-4A63-AC75-8B32EA4F7578}.Debug|Any CPU.ActiveCfg = Debug|Any CPU
		{00A034C3-C659-4A63-AC75-8B32EA4F7578}.Debug|Any CPU.Build.0 = Debug|Any CPU
		{00A034C3-C659-4A63-AC75-8B32EA4F7578}.Release|Any CPU.ActiveCfg = Release|Any CPU
		{00A034C3-C659-4A63-AC75-8B32EA4F7578}.Release|Any CPU.Build.0 = Release|Any CPU
		{B8156D34-CDC9-44FF-A445-CC40681CBA33}.Debug|Any CPU.ActiveCfg = Debug|Any CPU
		{B8156D34-CDC9-44FF-A445-CC40681CBA33}.Debug|Any CPU.Build.0 = Debug|Any CPU
		{B8156D34-CDC9-44FF-A445-CC40681CBA33}.Release|Any CPU.ActiveCfg = Release|Any CPU
		{B8156D34-CDC9-44FF-A445-CC40681CBA33}.Release|Any CPU.Build.0 = Release|Any CPU
		{FEE6D832-8472-4891-AF85-0D01B6BD064A}.Debug|Any CPU.ActiveCfg = Debug|Any CPU
		{FEE6D832-8472-4891-AF85-0D01B6BD064A}.Debug|Any CPU.Build.0 = Debug|Any CPU
		{FEE6D832-8472-4891-AF85-0D01B6BD064A}.Release|Any CPU.ActiveCfg = Release|Any CPU
		{FEE6D832-8472-4891-AF85-0D01B6BD064A}.Release|Any CPU.Build.0 = Release|Any CPU
	EndGlobalSection
	GlobalSection(SolutionProperties) = preSolution
		HideSolutionNode = FALSE
	EndGlobalSection
	GlobalSection(ExtensibilityGlobals) = postSolution
		SolutionGuid = {7B9F09AF-0683-4BCF-B198-6F9295BC0346}
	EndGlobalSection
EndGlobal
